
Microsoft Visual Studio Solution File, Format Version 12.00
# Visual Studio 15
VisualStudioVersion = 15.0.27009.1
MinimumVisualStudioVersion = 10.0.40219.1
Project("{FAE04EC0-301F-11D3-BF4B-00C04F79EFBC}") = "CustomTabbar.Android", "CustomTabbar\CustomTabbar.Android\CustomTabbar.Android.csproj", "{CB640BD6-73C6-4359-BE2F-7265B507CA83}"
EndProject
Project("{FAE04EC0-301F-11D3-BF4B-00C04F79EFBC}") = "CustomTabbar", "CustomTabbar\CustomTabbar\CustomTabbar.csproj", "{F0ECEBE8-9CB1-477E-A336-E4CCD48318EF}"
EndProject
Global
	GlobalSection(SolutionConfigurationPlatforms) = preSolution
		Debug|Any CPU = Debug|Any CPU
		Release|Any CPU = Release|Any CPU
	EndGlobalSection
	GlobalSection(ProjectConfigurationPlatforms) = postSolution
		{CB640BD6-73C6-4359-BE2F-7265B507CA83}.Debug|Any CPU.ActiveCfg = Debug|Any CPU
		{CB640BD6-73C6-4359-BE2F-7265B507CA83}.Debug|Any CPU.Build.0 = Debug|Any CPU
		{CB640BD6-73C6-4359-BE2F-7265B507CA83}.Debug|Any CPU.Deploy.0 = Debug|Any CPU
		{CB640BD6-73C6-4359-BE2F-7265B507CA83}.Release|Any CPU.ActiveCfg = Release|Any CPU
		{CB640BD6-73C6-4359-BE2F-7265B507CA83}.Release|Any CPU.Build.0 = Release|Any CPU
		{CB640BD6-73C6-4359-BE2F-7265B507CA83}.Release|Any CPU.Deploy.0 = Release|Any CPU
		{F0ECEBE8-9CB1-477E-A336-E4CCD48318EF}.Debug|Any CPU.ActiveCfg = Debug|Any CPU
		{F0ECEBE8-9CB1-477E-A336-E4CCD48318EF}.Debug|Any CPU.Build.0 = Debug|Any CPU
		{F0ECEBE8-9CB1-477E-A336-E4CCD48318EF}.Debug|Any CPU.Deploy.0 = Debug|Any CPU
		{F0ECEBE8-9CB1-477E-A336-E4CCD48318EF}.Release|Any CPU.ActiveCfg = Release|Any CPU
		{F0ECEBE8-9CB1-477E-A336-E4CCD48318EF}.Release|Any CPU.Build.0 = Release|Any CPU
		{F0ECEBE8-9CB1-477E-A336-E4CCD48318EF}.Release|Any CPU.Deploy.0 = Release|Any CPU
	EndGlobalSection
	GlobalSection(SolutionProperties) = preSolution
		HideSolutionNode = FALSE
	EndGlobalSection
	GlobalSection(ExtensibilityGlobals) = postSolution
		SolutionGuid = {0CF7DD8A-2C16-4A2E-844D-41095A9D7678}
	EndGlobalSection
EndGlobal
